
Microsoft Visual Studio Solution File, Format Version 12.00
# Visual Studio Version 17
VisualStudioVersion = 17.5.33424.131
MinimumVisualStudioVersion = 10.0.40219.1
Project("{9A19103F-16F7-4668-BE54-9A1E7A4F7556}") = "VSoft.Common.UI.APP.Base.View.Main", "VSoft.Common.UI.APP.Base.View.Main\VSoft.Common.UI.APP.Base.View.Main.csproj", "{F03E6BAF-FEF2-40C7-8C9A-975F8F35C251}"
EndProject
Project("{FAE04EC0-301F-11D3-BF4B-00C04F79EFBC}") = "VSoft.Common.UI.APP.Base.View.Main.Cpn.Code", "VSoft.Common.UI.APP.Base.View.Main.Cpn.Code\VSoft.Common.UI.APP.Base.View.Main.Cpn.Code.csproj", "{0E76C067-79E2-4967-AEB1-D985C2B1D69A}"
EndProject
Project("{FAE04EC0-301F-11D3-BF4B-00C04F79EFBC}") = "VSoft.Common.UI.APP.Base.View.Main.Cpn.Code.Provider", "VSoft.Common.UI.APP.Base.View.Main.Cpn.Code.Provider\VSoft.Common.UI.APP.Base.View.Main.Cpn.Code.Provider.csproj", "{D7880A12-1A6C-4177-A0D5-F2F9D7B520BC}"
EndProject
Global
	GlobalSection(SolutionConfigurationPlatforms) = preSolution
		Debug|Any CPU = Debug|Any CPU
		Release|Any CPU = Release|Any CPU
	EndGlobalSection
	GlobalSection(ProjectConfigurationPlatforms) = postSolution
		{F03E6BAF-FEF2-40C7-8C9A-975F8F35C251}.Debug|Any CPU.ActiveCfg = Debug|Any CPU
		{F03E6BAF-FEF2-40C7-8C9A-975F8F35C251}.Debug|Any CPU.Build.0 = Debug|Any CPU
		{F03E6BAF-FEF2-40C7-8C9A-975F8F35C251}.Release|Any CPU.ActiveCfg = Release|Any CPU
		{F03E6BAF-FEF2-40C7-8C9A-975F8F35C251}.Release|Any CPU.Build.0 = Release|Any CPU
		{0E76C067-79E2-4967-AEB1-D985C2B1D69A}.Debug|Any CPU.ActiveCfg = Debug|Any CPU
		{0E76C067-79E2-4967-AEB1-D985C2B1D69A}.Debug|Any CPU.Build.0 = Debug|Any CPU
		{0E76C067-79E2-4967-AEB1-D985C2B1D69A}.Release|Any CPU.ActiveCfg = Release|Any CPU
		{0E76C067-79E2-4967-AEB1-D985C2B1D69A}.Release|Any CPU.Build.0 = Release|Any CPU
		{D7880A12-1A6C-4177-A0D5-F2F9D7B520BC}.Debug|Any CPU.ActiveCfg = Debug|Any CPU
		{D7880A12-1A6C-4177-A0D5-F2F9D7B520BC}.Debug|Any CPU.Build.0 = Debug|Any CPU
		{D7880A12-1A6C-4177-A0D5-F2F9D7B520BC}.Release|Any CPU.ActiveCfg = Release|Any CPU
		{D7880A12-1A6C-4177-A0D5-F2F9D7B520BC}.Release|Any CPU.Build.0 = Release|Any CPU
	EndGlobalSection
	GlobalSection(SolutionProperties) = preSolution
		HideSolutionNode = FALSE
	EndGlobalSection
	GlobalSection(ExtensibilityGlobals) = postSolution
		SolutionGuid = {3A2344FC-3E02-42F7-B3C9-A24CCC49A3BB}
	EndGlobalSection
EndGlobal
